# This file is autogenerated, do not edit; changes may be undone by the next 'dep ensure'.


[[projects]]
  branch = "master"
  digest = "1:5f0143afd2072c094fd3bf0cb7c0d03d705ab5eb8f4edb916ff7b4c8ad86dd66"
  name = "github.com/engr-Eghbali/matePKG"
  packages = [
    ".",
    "basement",
  ]
  pruneopts = "UT"
  revision = "d5014009f5226658aecba8293b36717e6af0152c"

[[projects]]
  branch = "v2"
  digest = "1:988de7520a09024d5d94cd99bd545afbf194893994ec759b1cda0a0bbb6adb80"
  name = "gopkg.in/mgo.v2"
  packages = [
    ".",
    "bson",
    "internal/json",
    "internal/sasl",
    "internal/scram",
  ]
  pruneopts = "UT"
  revision = "9856a29383ce1c59f308dd1cf0363a79b5bef6b5"

[solve-meta]
  analyzer-name = "dep"
  analyzer-version = 1
  input-imports = [
    "github.com/engr-Eghbali/matePKG",
    "github.com/engr-Eghbali/matePKG/basement",
    "gopkg.in/mgo.v2",
    "gopkg.in/mgo.v2/bson",
  ]
  solver-name = "gps-cdcl"
  solver-version = 1
