# This file is autogenerated, do not edit; changes may be undone by the next 'dep ensure'.


[[projects]]
  branch = "master"
  digest = "1:b8c0770a89acfb43aec00c8498df5213f2d118b4ad9c6ebec10801f180c463ad"
  name = "github.com/engr-Eghbali/matePKG"
  packages = [
    ".",
    "basement",
  ]
  pruneopts = "UT"
  revision = "c4d5e89c20ddf00cfb447298caaade7aa88b0671"

[[projects]]
  branch = "v2"
  digest = "1:988de7520a09024d5d94cd99bd545afbf194893994ec759b1cda0a0bbb6adb80"
  name = "gopkg.in/mgo.v2"
  packages = [
    ".",
    "bson",
    "internal/json",
    "internal/sasl",
    "internal/scram",
  ]
  pruneopts = "UT"
  revision = "9856a29383ce1c59f308dd1cf0363a79b5bef6b5"

[solve-meta]
  analyzer-name = "dep"
  analyzer-version = 1
  input-imports = [
    "github.com/engr-Eghbali/matePKG",
    "github.com/engr-Eghbali/matePKG/basement",
    "gopkg.in/mgo.v2",
    "gopkg.in/mgo.v2/bson",
  ]
  solver-name = "gps-cdcl"
  solver-version = 1
